
Microsoft Visual Studio Solution File, Format Version 12.00
# Visual Studio 15
VisualStudioVersion = 15.0.28307.489
MinimumVisualStudioVersion = 10.0.40219.1
Project("{FAE04EC0-301F-11D3-BF4B-00C04F79EFBC}") = "Conceitos-CSharp", "Conceitos-CSharp\Conceitos-CSharp.csproj", "{439DC6AC-CF2C-4174-B706-034109558567}"
EndProject
Global
	GlobalSection(SolutionConfigurationPlatforms) = preSolution
		Debug|Any CPU = Debug|Any CPU
		Release|Any CPU = Release|Any CPU
	EndGlobalSection
	GlobalSection(ProjectConfigurationPlatforms) = postSolution
		{439DC6AC-CF2C-4174-B706-034109558567}.Debug|Any CPU.ActiveCfg = Debug|Any CPU
		{439DC6AC-CF2C-4174-B706-034109558567}.Debug|Any CPU.Build.0 = Debug|Any CPU
		{439DC6AC-CF2C-4174-B706-034109558567}.Release|Any CPU.ActiveCfg = Release|Any CPU
		{439DC6AC-CF2C-4174-B706-034109558567}.Release|Any CPU.Build.0 = Release|Any CPU
	EndGlobalSection
	GlobalSection(SolutionProperties) = preSolution
		HideSolutionNode = FALSE
	EndGlobalSection
	GlobalSection(ExtensibilityGlobals) = postSolution
		SolutionGuid = {51E8C70E-78B8-4626-9CF1-6651B0FDAEC3}
	EndGlobalSection
EndGlobal
